
Microsoft Visual Studio Solution File, Format Version 12.00
# Visual Studio Version 17
VisualStudioVersion = 17.10.35013.160
MinimumVisualStudioVersion = 10.0.40219.1
Project("{9A19103F-16F7-4668-BE54-9A1E7A4F7556}") = "Project2", "Project2\Project2.csproj", "{3D2A53EB-DB69-4ED3-A3A0-9982FCF8DD37}"
EndProject
Project("{FAE04EC0-301F-11D3-BF4B-00C04F79EFBC}") = "Project3", "Project3\Project3.csproj", "{88FDD348-89E4-486C-808D-949197AAFB68}"
EndProject
Global
	GlobalSection(SolutionConfigurationPlatforms) = preSolution
		Debug|Any CPU = Debug|Any CPU
		Release|Any CPU = Release|Any CPU
	EndGlobalSection
	GlobalSection(ProjectConfigurationPlatforms) = postSolution
		{3D2A53EB-DB69-4ED3-A3A0-9982FCF8DD37}.Debug|Any CPU.ActiveCfg = Debug|Any CPU
		{3D2A53EB-DB69-4ED3-A3A0-9982FCF8DD37}.Debug|Any CPU.Build.0 = Debug|Any CPU
		{3D2A53EB-DB69-4ED3-A3A0-9982FCF8DD37}.Release|Any CPU.ActiveCfg = Release|Any CPU
		{3D2A53EB-DB69-4ED3-A3A0-9982FCF8DD37}.Release|Any CPU.Build.0 = Release|Any CPU
		{88FDD348-89E4-486C-808D-949197AAFB68}.Debug|Any CPU.ActiveCfg = Debug|Any CPU
		{88FDD348-89E4-486C-808D-949197AAFB68}.Debug|Any CPU.Build.0 = Debug|Any CPU
		{88FDD348-89E4-486C-808D-949197AAFB68}.Release|Any CPU.ActiveCfg = Release|Any CPU
		{88FDD348-89E4-486C-808D-949197AAFB68}.Release|Any CPU.Build.0 = Release|Any CPU
	EndGlobalSection
	GlobalSection(SolutionProperties) = preSolution
		HideSolutionNode = FALSE
	EndGlobalSection
	GlobalSection(ExtensibilityGlobals) = postSolution
		SolutionGuid = {693BB300-C517-4560-B4A1-A4B1D0DEB7B3}
	EndGlobalSection
EndGlobal
